// !$*UTF8*$!
{
	archiveVersion = 1;
	classes = {
	};
	objectVersion = 56;
	objects = {

/* Begin PBXBuildFile section */
		3B52B9412C7D69BA009B756C /* ProfileView.swift in Sources */ = {isa = PBXBuildFile; fileRef = 3B52B9402C7D69B9009B756C /* ProfileView.swift */; };
		3B52B9432C7D69E8009B756C /* ToDoListView.swift in Sources */ = {isa = PBXBuildFile; fileRef = 3B52B9422C7D69E8009B756C /* ToDoListView.swift */; };
		3B52B9452C7D6A04009B756C /* NewItemView.swift in Sources */ = {isa = PBXBuildFile; fileRef = 3B52B9442C7D6A04009B756C /* NewItemView.swift */; };
		3B52B9472C7D6A18009B756C /* LoginView.swift in Sources */ = {isa = PBXBuildFile; fileRef = 3B52B9462C7D6A18009B756C /* LoginView.swift */; };
		3B52B9492C7D6A21009B756C /* RegisterView.swift in Sources */ = {isa = PBXBuildFile; fileRef = 3B52B9482C7D6A21009B756C /* RegisterView.swift */; };
		3B52B94B2C7D6A77009B756C /* ToDoListItemView.swift in Sources */ = {isa = PBXBuildFile; fileRef = 3B52B94A2C7D6A77009B756C /* ToDoListItemView.swift */; };
		3B52B94D2C7D6ABD009B756C /* User.swift in Sources */ = {isa = PBXBuildFile; fileRef = 3B52B94C2C7D6ABD009B756C /* User.swift */; };
		3B52B94F2C7D6ACE009B756C /* ToDoListItem.swift in Sources */ = {isa = PBXBuildFile; fileRef = 3B52B94E2C7D6ACE009B756C /* ToDoListItem.swift */; };
		3B52B9512C7D6AF3009B756C /* MainViewViewModel.swift in Sources */ = {isa = PBXBuildFile; fileRef = 3B52B9502C7D6AF3009B756C /* MainViewViewModel.swift */; };
		3B52B9532C7D6AFE009B756C /* ProfileViewViewModel.swift in Sources */ = {isa = PBXBuildFile; fileRef = 3B52B9522C7D6AFE009B756C /* ProfileViewViewModel.swift */; };
		3B52B9552C7D6B0A009B756C /* ToDoListViewViewModel.swift in Sources */ = {isa = PBXBuildFile; fileRef = 3B52B9542C7D6B0A009B756C /* ToDoListViewViewModel.swift */; };
		3B52B9572C7D6B21009B756C /* NewItemViewViewModel.swift in Sources */ = {isa = PBXBuildFile; fileRef = 3B52B9562C7D6B21009B756C /* NewItemViewViewModel.swift */; };
		3B52B9592C7D6B31009B756C /* LoginViewViewModel.swift in Sources */ = {isa = PBXBuildFile; fileRef = 3B52B9582C7D6B31009B756C /* LoginViewViewModel.swift */; };
		3B52B95B2C7D6B40009B756C /* RegisterViewViewModel.swift in Sources */ = {isa = PBXBuildFile; fileRef = 3B52B95A2C7D6B40009B756C /* RegisterViewViewModel.swift */; };
		3B52B95D2C7D6B51009B756C /* ToDoListItemViewViewModel.swift in Sources */ = {isa = PBXBuildFile; fileRef = 3B52B95C2C7D6B51009B756C /* ToDoListItemViewViewModel.swift */; };
		3B52B95F2C7D6EF4009B756C /* HeaderView.swift in Sources */ = {isa = PBXBuildFile; fileRef = 3B52B95E2C7D6EF4009B756C /* HeaderView.swift */; };
		3B52B9612C801A3A009B756C /* TLButton.swift in Sources */ = {isa = PBXBuildFile; fileRef = 3B52B9602C801A3A009B756C /* TLButton.swift */; };
		3B52B9642C8950D9009B756C /* Extensions.swift in Sources */ = {isa = PBXBuildFile; fileRef = 3B52B9632C8950D9009B756C /* Extensions.swift */; };
		3B893BC72C743735002DB17F /* to_do_list_basicApp.swift in Sources */ = {isa = PBXBuildFile; fileRef = 3B893BC62C743735002DB17F /* to_do_list_basicApp.swift */; };
		3B893BC92C743735002DB17F /* MainView.swift in Sources */ = {isa = PBXBuildFile; fileRef = 3B893BC82C743735002DB17F /* MainView.swift */; };
		3B893BCB2C743737002DB17F /* Assets.xcassets in Resources */ = {isa = PBXBuildFile; fileRef = 3B893BCA2C743737002DB17F /* Assets.xcassets */; };
		3B893BCE2C743737002DB17F /* Preview Assets.xcassets in Resources */ = {isa = PBXBuildFile; fileRef = 3B893BCD2C743737002DB17F /* Preview Assets.xcassets */; };
		3B893BD52C743A07002DB17F /* GoogleService-Info.plist in Resources */ = {isa = PBXBuildFile; fileRef = 3B893BD42C743A06002DB17F /* GoogleService-Info.plist */; };
		3BB6C12F2CD475E10045F247 /* Launch Screen.storyboard in Resources */ = {isa = PBXBuildFile; fileRef = 3BB6C12E2CD475E10045F247 /* Launch Screen.storyboard */; };
		3BBBD6052C782A9200AEABF1 /* FirebaseAuth in Frameworks */ = {isa = PBXBuildFile; productRef = 3BBBD6042C782A9200AEABF1 /* FirebaseAuth */; };
		3BBBD6072C782A9200AEABF1 /* FirebaseFirestore in Frameworks */ = {isa = PBXBuildFile; productRef = 3BBBD6062C782A9200AEABF1 /* FirebaseFirestore */; };
/* End PBXBuildFile section */

/* Begin PBXFileReference section */
		3B52B9402C7D69B9009B756C /* ProfileView.swift */ = {isa = PBXFileReference; lastKnownFileType = sourcecode.swift; path = ProfileView.swift; sourceTree = "<group>"; };
		3B52B9422C7D69E8009B756C /* ToDoListView.swift */ = {isa = PBXFileReference; lastKnownFileType = sourcecode.swift; path = ToDoListView.swift; sourceTree = "<group>"; };
		3B52B9442C7D6A04009B756C /* NewItemView.swift */ = {isa = PBXFileReference; lastKnownFileType = sourcecode.swift; path = NewItemView.swift; sourceTree = "<group>"; };
		3B52B9462C7D6A18009B756C /* LoginView.swift */ = {isa = PBXFileReference; lastKnownFileType = sourcecode.swift; path = LoginView.swift; sourceTree = "<group>"; };
		3B52B9482C7D6A21009B756C /* RegisterView.swift */ = {isa = PBXFileReference; lastKnownFileType = sourcecode.swift; path = RegisterView.swift; sourceTree = "<group>"; };
		3B52B94A2C7D6A77009B756C /* ToDoListItemView.swift */ = {isa = PBXFileReference; lastKnownFileType = sourcecode.swift; path = ToDoListItemView.swift; sourceTree = "<group>"; };
		3B52B94C2C7D6ABD009B756C /* User.swift */ = {isa = PBXFileReference; lastKnownFileType = sourcecode.swift; path = User.swift; sourceTree = "<group>"; };
		3B52B94E2C7D6ACE009B756C /* ToDoListItem.swift */ = {isa = PBXFileReference; lastKnownFileType = sourcecode.swift; path = ToDoListItem.swift; sourceTree = "<group>"; };
		3B52B9502C7D6AF3009B756C /* MainViewViewModel.swift */ = {isa = PBXFileReference; lastKnownFileType = sourcecode.swift; path = MainViewViewModel.swift; sourceTree = "<group>"; };
		3B52B9522C7D6AFE009B756C /* ProfileViewViewModel.swift */ = {isa = PBXFileReference; lastKnownFileType = sourcecode.swift; path = ProfileViewViewModel.swift; sourceTree = "<group>"; };
		3B52B9542C7D6B0A009B756C /* ToDoListViewViewModel.swift */ = {isa = PBXFileReference; lastKnownFileType = sourcecode.swift; path = ToDoListViewViewModel.swift; sourceTree = "<group>"; };
		3B52B9562C7D6B21009B756C /* NewItemViewViewModel.swift */ = {isa = PBXFileReference; lastKnownFileType = sourcecode.swift; path = NewItemViewViewModel.swift; sourceTree = "<group>"; };
		3B52B9582C7D6B31009B756C /* LoginViewViewModel.swift */ = {isa = PBXFileReference; lastKnownFileType = sourcecode.swift; path = LoginViewViewModel.swift; sourceTree = "<group>"; };
		3B52B95A2C7D6B40009B756C /* RegisterViewViewModel.swift */ = {isa = PBXFileReference; lastKnownFileType = sourcecode.swift; path = RegisterViewViewModel.swift; sourceTree = "<group>"; };
		3B52B95C2C7D6B51009B756C /* ToDoListItemViewViewModel.swift */ = {isa = PBXFileReference; lastKnownFileType = sourcecode.swift; path = ToDoListItemViewViewModel.swift; sourceTree = "<group>"; };
		3B52B95E2C7D6EF4009B756C /* HeaderView.swift */ = {isa = PBXFileReference; lastKnownFileType = sourcecode.swift; path = HeaderView.swift; sourceTree = "<group>"; };
		3B52B9602C801A3A009B756C /* TLButton.swift */ = {isa = PBXFileReference; lastKnownFileType = sourcecode.swift; path = TLButton.swift; sourceTree = "<group>"; };
		3B52B9632C8950D9009B756C /* Extensions.swift */ = {isa = PBXFileReference; lastKnownFileType = sourcecode.swift; path = Extensions.swift; sourceTree = "<group>"; };
		3B893BC32C743735002DB17F /* to do list basic.app */ = {isa = PBXFileReference; explicitFileType = wrapper.application; includeInIndex = 0; path = "to do list basic.app"; sourceTree = BUILT_PRODUCTS_DIR; };
		3B893BC62C743735002DB17F /* to_do_list_basicApp.swift */ = {isa = PBXFileReference; lastKnownFileType = sourcecode.swift; path = to_do_list_basicApp.swift; sourceTree = "<group>"; };
		3B893BC82C743735002DB17F /* MainView.swift */ = {isa = PBXFileReference; lastKnownFileType = sourcecode.swift; path = MainView.swift; sourceTree = "<group>"; };
		3B893BCA2C743737002DB17F /* Assets.xcassets */ = {isa = PBXFileReference; lastKnownFileType = folder.assetcatalog; path = Assets.xcassets; sourceTree = "<group>"; };
		3B893BCD2C743737002DB17F /* Preview Assets.xcassets */ = {isa = PBXFileReference; lastKnownFileType = folder.assetcatalog; path = "Preview Assets.xcassets"; sourceTree = "<group>"; };
		3B893BD42C743A06002DB17F /* GoogleService-Info.plist */ = {isa = PBXFileReference; fileEncoding = 4; lastKnownFileType = text.plist.xml; path = "GoogleService-Info.plist"; sourceTree = "<group>"; };
		3BB6C12E2CD475E10045F247 /* Launch Screen.storyboard */ = {isa = PBXFileReference; lastKnownFileType = file.storyboard; path = "Launch Screen.storyboard"; sourceTree = "<group>"; };
/* End PBXFileReference section */

/* Begin PBXFrameworksBuildPhase section */
		3B893BC02C743735002DB17F /* Frameworks */ = {
			isa = PBXFrameworksBuildPhase;
			buildActionMask = 2147483647;
			files = (
				3BBBD6052C782A9200AEABF1 /* FirebaseAuth in Frameworks */,
				3BBBD6072C782A9200AEABF1 /* FirebaseFirestore in Frameworks */,
			);
			runOnlyForDeploymentPostprocessing = 0;
		};
/* End PBXFrameworksBuildPhase section */

/* Begin PBXGroup section */
		3B52B93B2C7D65D9009B756C /* View */ = {
			isa = PBXGroup;
			children = (
				3B893BC82C743735002DB17F /* MainView.swift */,
				3B52B9402C7D69B9009B756C /* ProfileView.swift */,
				3B52B9422C7D69E8009B756C /* ToDoListView.swift */,
				3B52B9442C7D6A04009B756C /* NewItemView.swift */,
				3B52B9462C7D6A18009B756C /* LoginView.swift */,
				3B52B9482C7D6A21009B756C /* RegisterView.swift */,
				3B52B9602C801A3A009B756C /* TLButton.swift */,
				3B52B94A2C7D6A77009B756C /* ToDoListItemView.swift */,
				3B52B95E2C7D6EF4009B756C /* HeaderView.swift */,
			);
			path = View;
			sourceTree = "<group>";
		};
		3B52B93D2C7D65FB009B756C /* ViewModel */ = {
			isa = PBXGroup;
			children = (
				3B52B9502C7D6AF3009B756C /* MainViewViewModel.swift */,
				3B52B9522C7D6AFE009B756C /* ProfileViewViewModel.swift */,
				3B52B9542C7D6B0A009B756C /* ToDoListViewViewModel.swift */,
				3B52B9562C7D6B21009B756C /* NewItemViewViewModel.swift */,
				3B52B9582C7D6B31009B756C /* LoginViewViewModel.swift */,
				3B52B95A2C7D6B40009B756C /* RegisterViewViewModel.swift */,
				3B52B95C2C7D6B51009B756C /* ToDoListItemViewViewModel.swift */,
			);
			path = ViewModel;
			sourceTree = "<group>";
		};
		3B52B93E2C7D6630009B756C /* Model */ = {
			isa = PBXGroup;
			children = (
				3B52B94C2C7D6ABD009B756C /* User.swift */,
				3B52B94E2C7D6ACE009B756C /* ToDoListItem.swift */,
			);
			path = Model;
			sourceTree = "<group>";
		};
		3B52B93F2C7D6639009B756C /* Other */ = {
			isa = PBXGroup;
			children = (
				3B893BC62C743735002DB17F /* to_do_list_basicApp.swift */,
				3B893BD42C743A06002DB17F /* GoogleService-Info.plist */,
				3B893BCA2C743737002DB17F /* Assets.xcassets */,
				3BB6C12E2CD475E10045F247 /* Launch Screen.storyboard */,
				3B52B9632C8950D9009B756C /* Extensions.swift */,
			);
			path = Other;
			sourceTree = "<group>";
		};
		3B7C141F2D30BE3A00A4F23D /* Helpers */ = {
			isa = PBXGroup;
			children = (
			);
			path = Helpers;
			sourceTree = "<group>";
		};
		3B893BBA2C743735002DB17F = {
			isa = PBXGroup;
			children = (
				3B893BC52C743735002DB17F /* to do list basic */,
				3B893BC42C743735002DB17F /* Products */,
			);
			sourceTree = "<group>";
		};
		3B893BC42C743735002DB17F /* Products */ = {
			isa = PBXGroup;
			children = (
				3B893BC32C743735002DB17F /* to do list basic.app */,
			);
			name = Products;
			sourceTree = "<group>";
		};
		3B893BC52C743735002DB17F /* to do list basic */ = {
			isa = PBXGroup;
			children = (
				3B7C141F2D30BE3A00A4F23D /* Helpers */,
				3B52B93F2C7D6639009B756C /* Other */,
				3B52B93E2C7D6630009B756C /* Model */,
				3B52B93D2C7D65FB009B756C /* ViewModel */,
				3B52B93B2C7D65D9009B756C /* View */,
				3B893BCC2C743737002DB17F /* Preview Content */,
			);
			path = "to do list basic";
			sourceTree = "<group>";
		};
		3B893BCC2C743737002DB17F /* Preview Content */ = {
			isa = PBXGroup;
			children = (
				3B893BCD2C743737002DB17F /* Preview Assets.xcassets */,
			);
			path = "Preview Content";
			sourceTree = "<group>";
		};
/* End PBXGroup section */

/* Begin PBXNativeTarget section */
		3B893BC22C743735002DB17F /* to do list basic */ = {
			isa = PBXNativeTarget;
			buildConfigurationList = 3B893BD12C743737002DB17F /* Build configuration list for PBXNativeTarget "to do list basic" */;
			buildPhases = (
				3B893BBF2C743735002DB17F /* Sources */,
				3B893BC02C743735002DB17F /* Frameworks */,
				3B893BC12C743735002DB17F /* Resources */,
			);
			buildRules = (
			);
			dependencies = (
			);
			name = "to do list basic";
			packageProductDependencies = (
				3BBBD6042C782A9200AEABF1 /* FirebaseAuth */,
				3BBBD6062C782A9200AEABF1 /* FirebaseFirestore */,
			);
			productName = "to do list basic";
			productReference = 3B893BC32C743735002DB17F /* to do list basic.app */;
			productType = "com.apple.product-type.application";
		};
/* End PBXNativeTarget section */

/* Begin PBXProject section */
		3B893BBB2C743735002DB17F /* Project object */ = {
			isa = PBXProject;
			attributes = {
				BuildIndependentTargetsInParallel = 1;
				LastSwiftUpdateCheck = 1430;
				LastUpgradeCheck = 1540;
				TargetAttributes = {
					3B893BC22C743735002DB17F = {
						CreatedOnToolsVersion = 14.3.1;
					};
				};
			};
			buildConfigurationList = 3B893BBE2C743735002DB17F /* Build configuration list for PBXProject "to do list basic" */;
			compatibilityVersion = "Xcode 14.0";
			developmentRegion = en;
			hasScannedForEncodings = 0;
			knownRegions = (
				en,
				Base,
			);
			mainGroup = 3B893BBA2C743735002DB17F;
			packageReferences = (
				3BBBD6032C782A9100AEABF1 /* XCRemoteSwiftPackageReference "firebase-ios-sdk" */,
			);
			productRefGroup = 3B893BC42C743735002DB17F /* Products */;
			projectDirPath = "";
			projectRoot = "";
			targets = (
				3B893BC22C743735002DB17F /* to do list basic */,
			);
		};
/* End PBXProject section */

/* Begin PBXResourcesBuildPhase section */
		3B893BC12C743735002DB17F /* Resources */ = {
			isa = PBXResourcesBuildPhase;
			buildActionMask = 2147483647;
			files = (
				3B893BCE2C743737002DB17F /* Preview Assets.xcassets in Resources */,
				3B893BCB2C743737002DB17F /* Assets.xcassets in Resources */,
				3BB6C12F2CD475E10045F247 /* Launch Screen.storyboard in Resources */,
				3B893BD52C743A07002DB17F /* GoogleService-Info.plist in Resources */,
			);
			runOnlyForDeploymentPostprocessing = 0;
		};
/* End PBXResourcesBuildPhase section */

/* Begin PBXSourcesBuildPhase section */
		3B893BBF2C743735002DB17F /* Sources */ = {
			isa = PBXSourcesBuildPhase;
			buildActionMask = 2147483647;
			files = (
				3B52B9472C7D6A18009B756C /* LoginView.swift in Sources */,
				3B52B95F2C7D6EF4009B756C /* HeaderView.swift in Sources */,
				3B893BC92C743735002DB17F /* MainView.swift in Sources */,
				3B52B95B2C7D6B40009B756C /* RegisterViewViewModel.swift in Sources */,
				3B52B9512C7D6AF3009B756C /* MainViewViewModel.swift in Sources */,
				3B52B9432C7D69E8009B756C /* ToDoListView.swift in Sources */,
				3B52B9492C7D6A21009B756C /* RegisterView.swift in Sources */,
				3B52B9612C801A3A009B756C /* TLButton.swift in Sources */,
				3B52B9532C7D6AFE009B756C /* ProfileViewViewModel.swift in Sources */,
				3B52B9412C7D69BA009B756C /* ProfileView.swift in Sources */,
				3B52B94D2C7D6ABD009B756C /* User.swift in Sources */,
				3B52B94B2C7D6A77009B756C /* ToDoListItemView.swift in Sources */,
				3B52B9552C7D6B0A009B756C /* ToDoListViewViewModel.swift in Sources */,
				3B52B9592C7D6B31009B756C /* LoginViewViewModel.swift in Sources */,
				3B893BC72C743735002DB17F /* to_do_list_basicApp.swift in Sources */,
				3B52B9642C8950D9009B756C /* Extensions.swift in Sources */,
				3B52B94F2C7D6ACE009B756C /* ToDoListItem.swift in Sources */,
				3B52B9452C7D6A04009B756C /* NewItemView.swift in Sources */,
				3B52B9572C7D6B21009B756C /* NewItemViewViewModel.swift in Sources */,
				3B52B95D2C7D6B51009B756C /* ToDoListItemViewViewModel.swift in Sources */,
			);
			runOnlyForDeploymentPostprocessing = 0;
		};
/* End PBXSourcesBuildPhase section */

/* Begin XCBuildConfiguration section */
		3B893BCF2C743737002DB17F /* Debug */ = {
			isa = XCBuildConfiguration;
			buildSettings = {
				ALWAYS_SEARCH_USER_PATHS = NO;
				CLANG_ANALYZER_NONNULL = YES;
				CLANG_ANALYZER_NUMBER_OBJECT_CONVERSION = YES_AGGRESSIVE;
				CLANG_CXX_LANGUAGE_STANDARD = "gnu++20";
				CLANG_ENABLE_MODULES = YES;
				CLANG_ENABLE_OBJC_ARC = YES;
				CLANG_ENABLE_OBJC_WEAK = YES;
				CLANG_WARN_BLOCK_CAPTURE_AUTORELEASING = YES;
				CLANG_WARN_BOOL_CONVERSION = YES;
				CLANG_WARN_COMMA = YES;
				CLANG_WARN_CONSTANT_CONVERSION = YES;
				CLANG_WARN_DEPRECATED_OBJC_IMPLEMENTATIONS = YES;
				CLANG_WARN_DIRECT_OBJC_ISA_USAGE = YES_ERROR;
				CLANG_WARN_DOCUMENTATION_COMMENTS = YES;
				CLANG_WARN_EMPTY_BODY = YES;
				CLANG_WARN_ENUM_CONVERSION = YES;
				CLANG_WARN_INFINITE_RECURSION = YES;
				CLANG_WARN_INT_CONVERSION = YES;
				CLANG_WARN_NON_LITERAL_NULL_CONVERSION = YES;
				CLANG_WARN_OBJC_IMPLICIT_RETAIN_SELF = YES;
				CLANG_WARN_OBJC_LITERAL_CONVERSION = YES;
				CLANG_WARN_OBJC_ROOT_CLASS = YES_ERROR;
				CLANG_WARN_QUOTED_INCLUDE_IN_FRAMEWORK_HEADER = YES;
				CLANG_WARN_RANGE_LOOP_ANALYSIS = YES;
				CLANG_WARN_STRICT_PROTOTYPES = YES;
				CLANG_WARN_SUSPICIOUS_MOVE = YES;
				CLANG_WARN_UNGUARDED_AVAILABILITY = YES_AGGRESSIVE;
				CLANG_WARN_UNREACHABLE_CODE = YES;
				CLANG_WARN__DUPLICATE_METHOD_MATCH = YES;
				COPY_PHASE_STRIP = NO;
				DEBUG_INFORMATION_FORMAT = dwarf;
				ENABLE_STRICT_OBJC_MSGSEND = YES;
				ENABLE_TESTABILITY = YES;
				ENABLE_USER_SCRIPT_SANDBOXING = YES;
				GCC_C_LANGUAGE_STANDARD = gnu17;
				GCC_DYNAMIC_NO_PIC = NO;
				GCC_NO_COMMON_BLOCKS = YES;
				GCC_OPTIMIZATION_LEVEL = 0;
				GCC_PREPROCESSOR_DEFINITIONS = (
					"DEBUG=1",
					"$(inherited)",
				);
				GCC_WARN_64_TO_32_BIT_CONVERSION = YES;
				GCC_WARN_ABOUT_RETURN_TYPE = YES_ERROR;
				GCC_WARN_UNDECLARED_SELECTOR = YES;
				GCC_WARN_UNINITIALIZED_AUTOS = YES_AGGRESSIVE;
				GCC_WARN_UNUSED_FUNCTION = YES;
				GCC_WARN_UNUSED_VARIABLE = YES;
				IPHONEOS_DEPLOYMENT_TARGET = 17.4;
				MTL_ENABLE_DEBUG_INFO = INCLUDE_SOURCE;
				MTL_FAST_MATH = YES;
				ONLY_ACTIVE_ARCH = YES;
				SDKROOT = iphoneos;
				SWIFT_ACTIVE_COMPILATION_CONDITIONS = DEBUG;
				SWIFT_OPTIMIZATION_LEVEL = "-Onone";
			};
			name = Debug;
		};
		3B893BD02C743737002DB17F /* Release */ = {
			isa = XCBuildConfiguration;
			buildSettings = {
				ALWAYS_SEARCH_USER_PATHS = NO;
				CLANG_ANALYZER_NONNULL = YES;
				CLANG_ANALYZER_NUMBER_OBJECT_CONVERSION = YES_AGGRESSIVE;
				CLANG_CXX_LANGUAGE_STANDARD = "gnu++20";
				CLANG_ENABLE_MODULES = YES;
				CLANG_ENABLE_OBJC_ARC = YES;
				CLANG_ENABLE_OBJC_WEAK = YES;
				CLANG_WARN_BLOCK_CAPTURE_AUTORELEASING = YES;
				CLANG_WARN_BOOL_CONVERSION = YES;
				CLANG_WARN_COMMA = YES;
				CLANG_WARN_CONSTANT_CONVERSION = YES;
				CLANG_WARN_DEPRECATED_OBJC_IMPLEMENTATIONS = YES;
				CLANG_WARN_DIRECT_OBJC_ISA_USAGE = YES_ERROR;
				CLANG_WARN_DOCUMENTATION_COMMENTS = YES;
				CLANG_WARN_EMPTY_BODY = YES;
				CLANG_WARN_ENUM_CONVERSION = YES;
				CLANG_WARN_INFINITE_RECURSION = YES;
				CLANG_WARN_INT_CONVERSION = YES;
				CLANG_WARN_NON_LITERAL_NULL_CONVERSION = YES;
				CLANG_WARN_OBJC_IMPLICIT_RETAIN_SELF = YES;
				CLANG_WARN_OBJC_LITERAL_CONVERSION = YES;
				CLANG_WARN_OBJC_ROOT_CLASS = YES_ERROR;
				CLANG_WARN_QUOTED_INCLUDE_IN_FRAMEWORK_HEADER = YES;
				CLANG_WARN_RANGE_LOOP_ANALYSIS = YES;
				CLANG_WARN_STRICT_PROTOTYPES = YES;
				CLANG_WARN_SUSPICIOUS_MOVE = YES;
				CLANG_WARN_UNGUARDED_AVAILABILITY = YES_AGGRESSIVE;
				CLANG_WARN_UNREACHABLE_CODE = YES;
				CLANG_WARN__DUPLICATE_METHOD_MATCH = YES;
				COPY_PHASE_STRIP = NO;
				DEBUG_INFORMATION_FORMAT = "dwarf-with-dsym";
				ENABLE_NS_ASSERTIONS = NO;
				ENABLE_STRICT_OBJC_MSGSEND = YES;
				ENABLE_USER_SCRIPT_SANDBOXING = YES;
				GCC_C_LANGUAGE_STANDARD = gnu17;
				GCC_NO_COMMON_BLOCKS = YES;
				GCC_WARN_64_TO_32_BIT_CONVERSION = YES;
				GCC_WARN_ABOUT_RETURN_TYPE = YES_ERROR;
				GCC_WARN_UNDECLARED_SELECTOR = YES;
				GCC_WARN_UNINITIALIZED_AUTOS = YES_AGGRESSIVE;
				GCC_WARN_UNUSED_FUNCTION = YES;
				GCC_WARN_UNUSED_VARIABLE = YES;
				IPHONEOS_DEPLOYMENT_TARGET = 17.4;
				MTL_ENABLE_DEBUG_INFO = NO;
				MTL_FAST_MATH = YES;
				SDKROOT = iphoneos;
				SWIFT_COMPILATION_MODE = wholemodule;
				SWIFT_OPTIMIZATION_LEVEL = "-O";
				VALIDATE_PRODUCT = YES;
			};
			name = Release;
		};
		3B893BD22C743737002DB17F /* Debug */ = {
			isa = XCBuildConfiguration;
			buildSettings = {
				ASSETCATALOG_COMPILER_APPICON_NAME = AppIcon;
				ASSETCATALOG_COMPILER_GLOBAL_ACCENT_COLOR_NAME = AccentColor;
				CODE_SIGN_STYLE = Automatic;
				CURRENT_PROJECT_VERSION = 1;
				DEVELOPMENT_ASSET_PATHS = "\"to do list basic/Preview Content\"";
				DEVELOPMENT_TEAM = 65ZNGJHG2W;
				ENABLE_PREVIEWS = YES;
				GENERATE_INFOPLIST_FILE = YES;
				INFOPLIST_KEY_CFBundleDisplayName = Stuff;
				INFOPLIST_KEY_UIApplicationSceneManifest_Generation = YES;
				INFOPLIST_KEY_UIApplicationSupportsIndirectInputEvents = YES;
				INFOPLIST_KEY_UILaunchScreen_Generation = YES;
				INFOPLIST_KEY_UILaunchStoryboardName = "";
				INFOPLIST_KEY_UIStatusBarStyle = "";
				INFOPLIST_KEY_UISupportedInterfaceOrientations = UIInterfaceOrientationPortrait;
				IPHONEOS_DEPLOYMENT_TARGET = 17.6;
				LD_RUNPATH_SEARCH_PATHS = (
					"$(inherited)",
					"@executable_path/Frameworks",
				);
				MARKETING_VERSION = 1.0;
				PRODUCT_BUNDLE_IDENTIFIER = "javier.to-do-list.basic";
				PRODUCT_NAME = "$(TARGET_NAME)";
				SUPPORTED_PLATFORMS = "iphoneos iphonesimulator";
				SUPPORTS_MACCATALYST = NO;
				SUPPORTS_XR_DESIGNED_FOR_IPHONE_IPAD = NO;
				SWIFT_EMIT_LOC_STRINGS = YES;
				SWIFT_VERSION = 5.0;
				TARGETED_DEVICE_FAMILY = "1,2";
			};
			name = Debug;
		};
		3B893BD32C743737002DB17F /* Release */ = {
			isa = XCBuildConfiguration;
			buildSettings = {
				ASSETCATALOG_COMPILER_APPICON_NAME = AppIcon;
				ASSETCATALOG_COMPILER_GLOBAL_ACCENT_COLOR_NAME = AccentColor;
				CODE_SIGN_STYLE = Automatic;
				CURRENT_PROJECT_VERSION = 1;
				DEVELOPMENT_ASSET_PATHS = "\"to do list basic/Preview Content\"";
				DEVELOPMENT_TEAM = 65ZNGJHG2W;
				ENABLE_PREVIEWS = YES;
				GENERATE_INFOPLIST_FILE = YES;
				INFOPLIST_KEY_CFBundleDisplayName = Stuff;
				INFOPLIST_KEY_UIApplicationSceneManifest_Generation = YES;
				INFOPLIST_KEY_UIApplicationSupportsIndirectInputEvents = YES;
				INFOPLIST_KEY_UILaunchScreen_Generation = YES;
				INFOPLIST_KEY_UILaunchStoryboardName = "";
				INFOPLIST_KEY_UIStatusBarStyle = "";
				INFOPLIST_KEY_UISupportedInterfaceOrientations = UIInterfaceOrientationPortrait;
				IPHONEOS_DEPLOYMENT_TARGET = 17.6;
				LD_RUNPATH_SEARCH_PATHS = (
					"$(inherited)",
					"@executable_path/Frameworks",
				);
				MARKETING_VERSION = 1.0;
				PRODUCT_BUNDLE_IDENTIFIER = "javier.to-do-list.basic";
				PRODUCT_NAME = "$(TARGET_NAME)";
				SUPPORTED_PLATFORMS = "iphoneos iphonesimulator";
				SUPPORTS_MACCATALYST = NO;
				SUPPORTS_XR_DESIGNED_FOR_IPHONE_IPAD = NO;
				SWIFT_EMIT_LOC_STRINGS = YES;
				SWIFT_VERSION = 5.0;
				TARGETED_DEVICE_FAMILY = "1,2";
			};
			name = Release;
		};
/* End XCBuildConfiguration section */

/* Begin XCConfigurationList section */
		3B893BBE2C743735002DB17F /* Build configuration list for PBXProject "to do list basic" */ = {
			isa = XCConfigurationList;
			buildConfigurations = (
				3B893BCF2C743737002DB17F /* Debug */,
				3B893BD02C743737002DB17F /* Release */,
			);
			defaultConfigurationIsVisible = 0;
			defaultConfigurationName = Release;
		};
		3B893BD12C743737002DB17F /* Build configuration list for PBXNativeTarget "to do list basic" */ = {
			isa = XCConfigurationList;
			buildConfigurations = (
				3B893BD22C743737002DB17F /* Debug */,
				3B893BD32C743737002DB17F /* Release */,
			);
			defaultConfigurationIsVisible = 0;
			defaultConfigurationName = Release;
		};
/* End XCConfigurationList section */

/* Begin XCRemoteSwiftPackageReference section */
		3BBBD6032C782A9100AEABF1 /* XCRemoteSwiftPackageReference "firebase-ios-sdk" */ = {
			isa = XCRemoteSwiftPackageReference;
			repositoryURL = "https://github.com/firebase/firebase-ios-sdk";
			requirement = {
				kind = upToNextMajorVersion;
				minimumVersion = 11.1.0;
			};
		};
/* End XCRemoteSwiftPackageReference section */

/* Begin XCSwiftPackageProductDependency section */
		3BBBD6042C782A9200AEABF1 /* FirebaseAuth */ = {
			isa = XCSwiftPackageProductDependency;
			package = 3BBBD6032C782A9100AEABF1 /* XCRemoteSwiftPackageReference "firebase-ios-sdk" */;
			productName = FirebaseAuth;
		};
		3BBBD6062C782A9200AEABF1 /* FirebaseFirestore */ = {
			isa = XCSwiftPackageProductDependency;
			package = 3BBBD6032C782A9100AEABF1 /* XCRemoteSwiftPackageReference "firebase-ios-sdk" */;
			productName = FirebaseFirestore;
		};
/* End XCSwiftPackageProductDependency section */
	};
	rootObject = 3B893BBB2C743735002DB17F /* Project object */;
}
